
Microsoft Visual Studio Solution File, Format Version 12.00
# Visual Studio 15
VisualStudioVersion = 15.0.28010.2003
MinimumVisualStudioVersion = 10.0.40219.1
Project("{FAE04EC0-301F-11D3-BF4B-00C04F79EFBC}") = "JsonTransformer", "JsonTransformer\JsonTransformer.csproj", "{48A06482-264F-4F2C-B1AC-EA55CE5C763F}"
EndProject
Project("{FAE04EC0-301F-11D3-BF4B-00C04F79EFBC}") = "JsonTransformer.Tests", "JsonTransformer.Tests\JsonTransformer.Tests.csproj", "{038461FE-A8EB-4F93-B51C-08BDE3F7C7F9}"
EndProject
Global
	GlobalSection(SolutionConfigurationPlatforms) = preSolution
		Debug|Any CPU = Debug|Any CPU
		Release|Any CPU = Release|Any CPU
	EndGlobalSection
	GlobalSection(ProjectConfigurationPlatforms) = postSolution
		{48A06482-264F-4F2C-B1AC-EA55CE5C763F}.Debug|Any CPU.ActiveCfg = Debug|Any CPU
		{48A06482-264F-4F2C-B1AC-EA55CE5C763F}.Debug|Any CPU.Build.0 = Debug|Any CPU
		{48A06482-264F-4F2C-B1AC-EA55CE5C763F}.Release|Any CPU.ActiveCfg = Release|Any CPU
		{48A06482-264F-4F2C-B1AC-EA55CE5C763F}.Release|Any CPU.Build.0 = Release|Any CPU
		{038461FE-A8EB-4F93-B51C-08BDE3F7C7F9}.Debug|Any CPU.ActiveCfg = Debug|Any CPU
		{038461FE-A8EB-4F93-B51C-08BDE3F7C7F9}.Debug|Any CPU.Build.0 = Debug|Any CPU
		{038461FE-A8EB-4F93-B51C-08BDE3F7C7F9}.Release|Any CPU.ActiveCfg = Release|Any CPU
		{038461FE-A8EB-4F93-B51C-08BDE3F7C7F9}.Release|Any CPU.Build.0 = Release|Any CPU
	EndGlobalSection
	GlobalSection(SolutionProperties) = preSolution
		HideSolutionNode = FALSE
	EndGlobalSection
	GlobalSection(ExtensibilityGlobals) = postSolution
		SolutionGuid = {44451AAD-4858-41ED-9744-CECA0792B853}
	EndGlobalSection
EndGlobal
